
Microsoft Visual Studio Solution File, Format Version 12.00
# Visual Studio 15
VisualStudioVersion = 15.0.28307.757
MinimumVisualStudioVersion = 10.0.40219.1
Project("{FAE04EC0-301F-11D3-BF4B-00C04F79EFBC}") = "Barcode", "Barcode\Barcode.csproj", "{932D3C75-F44D-496A-8130-86840B459842}"
EndProject
Global
	GlobalSection(SolutionConfigurationPlatforms) = preSolution
		Debug|Any CPU = Debug|Any CPU
		Release|Any CPU = Release|Any CPU
	EndGlobalSection
	GlobalSection(ProjectConfigurationPlatforms) = postSolution
		{932D3C75-F44D-496A-8130-86840B459842}.Debug|Any CPU.ActiveCfg = Debug|Any CPU
		{932D3C75-F44D-496A-8130-86840B459842}.Debug|Any CPU.Build.0 = Debug|Any CPU
		{932D3C75-F44D-496A-8130-86840B459842}.Release|Any CPU.ActiveCfg = Release|Any CPU
		{932D3C75-F44D-496A-8130-86840B459842}.Release|Any CPU.Build.0 = Release|Any CPU
	EndGlobalSection
	GlobalSection(SolutionProperties) = preSolution
		HideSolutionNode = FALSE
	EndGlobalSection
	GlobalSection(ExtensibilityGlobals) = postSolution
		SolutionGuid = {16AFDA43-3C35-49EB-92AD-856B59B3DCA8}
	EndGlobalSection
EndGlobal
