
Microsoft Visual Studio Solution File, Format Version 12.00
# Visual Studio 15
VisualStudioVersion = 15.0.28307.1145
MinimumVisualStudioVersion = 10.0.40219.1
Project("{FAE04EC0-301F-11D3-BF4B-00C04F79EFBC}") = "SeanStudy", "SeanStudy\SeanStudy.csproj", "{FBBBF53F-2779-4657-A14A-E4B5B559DBEA}"
EndProject
Project("{FAE04EC0-301F-11D3-BF4B-00C04F79EFBC}") = "subpixel", "subpixel\subpixel.csproj", "{9D42A235-0353-40AC-BBCE-8BBE8045211D}"
EndProject
Global
	GlobalSection(SolutionConfigurationPlatforms) = preSolution
		Debug|Any CPU = Debug|Any CPU
		Release|Any CPU = Release|Any CPU
	EndGlobalSection
	GlobalSection(ProjectConfigurationPlatforms) = postSolution
		{FBBBF53F-2779-4657-A14A-E4B5B559DBEA}.Debug|Any CPU.ActiveCfg = Debug|Any CPU
		{FBBBF53F-2779-4657-A14A-E4B5B559DBEA}.Debug|Any CPU.Build.0 = Debug|Any CPU
		{FBBBF53F-2779-4657-A14A-E4B5B559DBEA}.Release|Any CPU.ActiveCfg = Release|Any CPU
		{FBBBF53F-2779-4657-A14A-E4B5B559DBEA}.Release|Any CPU.Build.0 = Release|Any CPU
		{9D42A235-0353-40AC-BBCE-8BBE8045211D}.Debug|Any CPU.ActiveCfg = Debug|Any CPU
		{9D42A235-0353-40AC-BBCE-8BBE8045211D}.Debug|Any CPU.Build.0 = Debug|Any CPU
		{9D42A235-0353-40AC-BBCE-8BBE8045211D}.Release|Any CPU.ActiveCfg = Release|Any CPU
		{9D42A235-0353-40AC-BBCE-8BBE8045211D}.Release|Any CPU.Build.0 = Release|Any CPU
	EndGlobalSection
	GlobalSection(SolutionProperties) = preSolution
		HideSolutionNode = FALSE
	EndGlobalSection
	GlobalSection(ExtensibilityGlobals) = postSolution
		SolutionGuid = {E0F261D0-FFAE-4DA8-8EB3-02761F72BA66}
	EndGlobalSection
EndGlobal
